PODS:
  - Feature (0.1.0):
    - Feature/Source (= 0.1.0)
  - Feature/Source (0.1.0)

DEPENDENCIES:
  - Feature (from `../`)

EXTERNAL SOURCES:
  Feature:
    :path: "../"

SPEC CHECKSUMS:
  Feature: b04cd2b46f702a7ee63be7f96f388a9c1d155364

PODFILE CHECKSUM: c7888027524cff45c78c6a58eeecb4b55ede86b3

COCOAPODS: 1.9.1
